
Microsoft Visual Studio Solution File, Format Version 12.00
# Visual Studio Version 17
VisualStudioVersion = 17.5.002.0
MinimumVisualStudioVersion = 10.0.40219.1
Project("{9A19103F-16F7-4668-BE54-9A1E7A4F7556}") = "Calulatrice", "Calulatrice\Calulatrice.csproj", "{3CC91EFC-96E3-4C20-A80B-62D2140347A9}"
EndProject
Global
	GlobalSection(SolutionConfigurationPlatforms) = preSolution
		Debug|Any CPU = Debug|Any CPU
		Release|Any CPU = Release|Any CPU
	EndGlobalSection
	GlobalSection(ProjectConfigurationPlatforms) = postSolution
		{3CC91EFC-96E3-4C20-A80B-62D2140347A9}.Debug|Any CPU.ActiveCfg = Debug|Any CPU
		{3CC91EFC-96E3-4C20-A80B-62D2140347A9}.Debug|Any CPU.Build.0 = Debug|Any CPU
		{3CC91EFC-96E3-4C20-A80B-62D2140347A9}.Release|Any CPU.ActiveCfg = Release|Any CPU
		{3CC91EFC-96E3-4C20-A80B-62D2140347A9}.Release|Any CPU.Build.0 = Release|Any CPU
	EndGlobalSection
	GlobalSection(SolutionProperties) = preSolution
		HideSolutionNode = FALSE
	EndGlobalSection
	GlobalSection(ExtensibilityGlobals) = postSolution
		SolutionGuid = {BA2D4D28-82D4-46A6-950E-F1A9C0B7BF58}
	EndGlobalSection
EndGlobal
